{
  "name": "mixel-music",
  "lockfileVersion": 3,
  "requires": true,
  "packages": {
    "": {
      "dependencies": {
        "vue-lazyload": "^3.0.0"
      }
    },
    "node_modules/vue-lazyload": {
      "version": "3.0.0",
      "resolved": "https://registry.npmjs.org/vue-lazyload/-/vue-lazyload-3.0.0.tgz",
      "integrity": "sha512-h2keL/Rj550dLgesgOtXJS9qOiSMmuJNeVlfNAYV1/IYwOQYaWk5mFJlwRxmZDK9YC5gECcFLYYj7z1lKSf9ug=="
    }
  }
}
